
Microsoft Visual Studio Solution File, Format Version 12.00
# Visual Studio Version 17
VisualStudioVersion = 17.14.36518.9
MinimumVisualStudioVersion = 10.0.40219.1
Project("{FAE04EC0-301F-11D3-BF4B-00C04F79EFBC}") = "EventSphere", "EventSphere\EventSphere.csproj", "{5F9696A5-C2F7-43D0-AF64-531391B9B621}"
EndProject
Global
	GlobalSection(SolutionConfigurationPlatforms) = preSolution
		Debug|Any CPU = Debug|Any CPU
		Release|Any CPU = Release|Any CPU
	EndGlobalSection
	GlobalSection(ProjectConfigurationPlatforms) = postSolution
		{5F9696A5-C2F7-43D0-AF64-531391B9B621}.Debug|Any CPU.ActiveCfg = Debug|Any CPU
		{5F9696A5-C2F7-43D0-AF64-531391B9B621}.Debug|Any CPU.Build.0 = Debug|Any CPU
		{5F9696A5-C2F7-43D0-AF64-531391B9B621}.Release|Any CPU.ActiveCfg = Release|Any CPU
		{5F9696A5-C2F7-43D0-AF64-531391B9B621}.Release|Any CPU.Build.0 = Release|Any CPU
	EndGlobalSection
	GlobalSection(SolutionProperties) = preSolution
		HideSolutionNode = FALSE
	EndGlobalSection
	GlobalSection(ExtensibilityGlobals) = postSolution
		SolutionGuid = {DB727DD2-9EF0-45AF-8A05-B6289143ED65}
	EndGlobalSection
EndGlobal
